// !$*UTF8*$!
{
	archiveVersion = 1;
	classes = {
	};
	objectVersion = 50;
	objects = {

/* Begin PBXBuildFile section */
		898302A120D7AF02004D7E71 /* ConversationViewModel.swift in Sources */ = {isa = PBXBuildFile; fileRef = 898302A020D7AF02004D7E71 /* ConversationViewModel.swift */; };
		899FEAD120C92CCC0023074A /* AppDelegate.swift in Sources */ = {isa = PBXBuildFile; fileRef = 899FEAD020C92CCC0023074A /* AppDelegate.swift */; };
		899FEAD320C92CCC0023074A /* ViewController.swift in Sources */ = {isa = PBXBuildFile; fileRef = 899FEAD220C92CCC0023074A /* ViewController.swift */; };
		899FEAD620C92CCC0023074A /* Main.storyboard in Resources */ = {isa = PBXBuildFile; fileRef = 899FEAD420C92CCC0023074A /* Main.storyboard */; };
		899FEAD820C92CD20023074A /* Assets.xcassets in Resources */ = {isa = PBXBuildFile; fileRef = 899FEAD720C92CD20023074A /* Assets.xcassets */; };
		899FEADB20C92CD20023074A /* LaunchScreen.storyboard in Resources */ = {isa = PBXBuildFile; fileRef = 899FEAD920C92CD20023074A /* LaunchScreen.storyboard */; };
		899FEAE620C92DD20023074A /* Interest.swift in Sources */ = {isa = PBXBuildFile; fileRef = 899FEAE520C92DD20023074A /* Interest.swift */; };
		899FEAE820C92DEB0023074A /* Participant.swift in Sources */ = {isa = PBXBuildFile; fileRef = 899FEAE720C92DEB0023074A /* Participant.swift */; };
		89D444F820CE92DD00B100AE /* Conversation.swift in Sources */ = {isa = PBXBuildFile; fileRef = 89D444F720CE92DD00B100AE /* Conversation.swift */; };
/* End PBXBuildFile section */

/* Begin PBXFileReference section */
		898302A020D7AF02004D7E71 /* ConversationViewModel.swift */ = {isa = PBXFileReference; lastKnownFileType = sourcecode.swift; path = ConversationViewModel.swift; sourceTree = "<group>"; };
		899FEACD20C92CCC0023074A /* Curious Katie.app */ = {isa = PBXFileReference; explicitFileType = wrapper.application; includeInIndex = 0; path = "Curious Katie.app"; sourceTree = BUILT_PRODUCTS_DIR; };
		899FEAD020C92CCC0023074A /* AppDelegate.swift */ = {isa = PBXFileReference; lastKnownFileType = sourcecode.swift; path = AppDelegate.swift; sourceTree = "<group>"; };
		899FEAD220C92CCC0023074A /* ViewController.swift */ = {isa = PBXFileReference; lastKnownFileType = sourcecode.swift; path = ViewController.swift; sourceTree = "<group>"; };
		899FEAD520C92CCC0023074A /* Base */ = {isa = PBXFileReference; lastKnownFileType = file.storyboard; name = Base; path = Base.lproj/Main.storyboard; sourceTree = "<group>"; };
		899FEAD720C92CD20023074A /* Assets.xcassets */ = {isa = PBXFileReference; lastKnownFileType = folder.assetcatalog; path = Assets.xcassets; sourceTree = "<group>"; };
		899FEADA20C92CD20023074A /* Base */ = {isa = PBXFileReference; lastKnownFileType = file.storyboard; name = Base; path = Base.lproj/LaunchScreen.storyboard; sourceTree = "<group>"; };
		899FEADC20C92CD20023074A /* Info.plist */ = {isa = PBXFileReference; lastKnownFileType = text.plist.xml; path = Info.plist; sourceTree = "<group>"; };
		899FEAE520C92DD20023074A /* Interest.swift */ = {isa = PBXFileReference; lastKnownFileType = sourcecode.swift; path = Interest.swift; sourceTree = "<group>"; };
		899FEAE720C92DEB0023074A /* Participant.swift */ = {isa = PBXFileReference; lastKnownFileType = sourcecode.swift; path = Participant.swift; sourceTree = "<group>"; };
		89D444F720CE92DD00B100AE /* Conversation.swift */ = {isa = PBXFileReference; lastKnownFileType = sourcecode.swift; path = Conversation.swift; sourceTree = "<group>"; };
/* End PBXFileReference section */

/* Begin PBXFrameworksBuildPhase section */
		899FEACA20C92CCC0023074A /* Frameworks */ = {
			isa = PBXFrameworksBuildPhase;
			buildActionMask = 2147483647;
			files = (
			);
			runOnlyForDeploymentPostprocessing = 0;
		};
/* End PBXFrameworksBuildPhase section */

/* Begin PBXGroup section */
		899FEAC420C92CCC0023074A = {
			isa = PBXGroup;
			children = (
				899FEACF20C92CCC0023074A /* Curious Katie */,
				899FEACE20C92CCC0023074A /* Products */,
			);
			sourceTree = "<group>";
		};
		899FEACE20C92CCC0023074A /* Products */ = {
			isa = PBXGroup;
			children = (
				899FEACD20C92CCC0023074A /* Curious Katie.app */,
			);
			name = Products;
			sourceTree = "<group>";
		};
		899FEACF20C92CCC0023074A /* Curious Katie */ = {
			isa = PBXGroup;
			children = (
				899FEAE420C92D940023074A /* Model */,
				899FEAE320C92D550023074A /* ViewModel */,
				899FEAE220C92D470023074A /* ViewController */,
				899FEAD020C92CCC0023074A /* AppDelegate.swift */,
				899FEAD420C92CCC0023074A /* Main.storyboard */,
				899FEAD720C92CD20023074A /* Assets.xcassets */,
				899FEAD920C92CD20023074A /* LaunchScreen.storyboard */,
				899FEADC20C92CD20023074A /* Info.plist */,
			);
			path = "Curious Katie";
			sourceTree = "<group>";
		};
		899FEAE220C92D470023074A /* ViewController */ = {
			isa = PBXGroup;
			children = (
				899FEAD220C92CCC0023074A /* ViewController.swift */,
			);
			path = ViewController;
			sourceTree = "<group>";
		};
		899FEAE320C92D550023074A /* ViewModel */ = {
			isa = PBXGroup;
			children = (
				898302A020D7AF02004D7E71 /* ConversationViewModel.swift */,
			);
			path = ViewModel;
			sourceTree = "<group>";
		};
		899FEAE420C92D940023074A /* Model */ = {
			isa = PBXGroup;
			children = (
				899FEAE720C92DEB0023074A /* Participant.swift */,
				899FEAE520C92DD20023074A /* Interest.swift */,
				89D444F720CE92DD00B100AE /* Conversation.swift */,
			);
			path = Model;
			sourceTree = "<group>";
		};
/* End PBXGroup section */

/* Begin PBXNativeTarget section */
		899FEACC20C92CCC0023074A /* Curious Katie */ = {
			isa = PBXNativeTarget;
			buildConfigurationList = 899FEADF20C92CD20023074A /* Build configuration list for PBXNativeTarget "Curious Katie" */;
			buildPhases = (
				899FEAC920C92CCC0023074A /* Sources */,
				899FEACA20C92CCC0023074A /* Frameworks */,
				899FEACB20C92CCC0023074A /* Resources */,
			);
			buildRules = (
			);
			dependencies = (
			);
			name = "Curious Katie";
			productName = "Curious Katie";
			productReference = 899FEACD20C92CCC0023074A /* Curious Katie.app */;
			productType = "com.apple.product-type.application";
		};
/* End PBXNativeTarget section */

/* Begin PBXProject section */
		899FEAC520C92CCC0023074A /* Project object */ = {
			isa = PBXProject;
			attributes = {
				LastSwiftUpdateCheck = 0940;
				LastUpgradeCheck = 0940;
				ORGANIZATIONNAME = "Carl Wainwright";
				TargetAttributes = {
					899FEACC20C92CCC0023074A = {
						CreatedOnToolsVersion = 9.4;
					};
				};
			};
			buildConfigurationList = 899FEAC820C92CCC0023074A /* Build configuration list for PBXProject "Curious Katie" */;
			compatibilityVersion = "Xcode 9.3";
			developmentRegion = en;
			hasScannedForEncodings = 0;
			knownRegions = (
				en,
				Base,
			);
			mainGroup = 899FEAC420C92CCC0023074A;
			productRefGroup = 899FEACE20C92CCC0023074A /* Products */;
			projectDirPath = "";
			projectRoot = "";
			targets = (
				899FEACC20C92CCC0023074A /* Curious Katie */,
			);
		};
/* End PBXProject section */

/* Begin PBXResourcesBuildPhase section */
		899FEACB20C92CCC0023074A /* Resources */ = {
			isa = PBXResourcesBuildPhase;
			buildActionMask = 2147483647;
			files = (
				899FEADB20C92CD20023074A /* LaunchScreen.storyboard in Resources */,
				899FEAD820C92CD20023074A /* Assets.xcassets in Resources */,
				899FEAD620C92CCC0023074A /* Main.storyboard in Resources */,
			);
			runOnlyForDeploymentPostprocessing = 0;
		};
/* End PBXResourcesBuildPhase section */

/* Begin PBXSourcesBuildPhase section */
		899FEAC920C92CCC0023074A /* Sources */ = {
			isa = PBXSourcesBuildPhase;
			buildActionMask = 2147483647;
			files = (
				899FEAD320C92CCC0023074A /* ViewController.swift in Sources */,
				899FEAD120C92CCC0023074A /* AppDelegate.swift in Sources */,
				899FEAE620C92DD20023074A /* Interest.swift in Sources */,
				89D444F820CE92DD00B100AE /* Conversation.swift in Sources */,
				899FEAE820C92DEB0023074A /* Participant.swift in Sources */,
				898302A120D7AF02004D7E71 /* ConversationViewModel.swift in Sources */,
			);
			runOnlyForDeploymentPostprocessing = 0;
		};
/* End PBXSourcesBuildPhase section */

/* Begin PBXVariantGroup section */
		899FEAD420C92CCC0023074A /* Main.storyboard */ = {
			isa = PBXVariantGroup;
			children = (
				899FEAD520C92CCC0023074A /* Base */,
			);
			name = Main.storyboard;
			sourceTree = "<group>";
		};
		899FEAD920C92CD20023074A /* LaunchScreen.storyboard */ = {
			isa = PBXVariantGroup;
			children = (
				899FEADA20C92CD20023074A /* Base */,
			);
			name = LaunchScreen.storyboard;
			sourceTree = "<group>";
		};
/* End PBXVariantGroup section */

/* Begin XCBuildConfiguration section */
		899FEADD20C92CD20023074A /* Debug */ = {
			isa = XCBuildConfiguration;
			buildSettings = {
				ALWAYS_SEARCH_USER_PATHS = NO;
				CLANG_ANALYZER_NONNULL = YES;
				CLANG_ANALYZER_NUMBER_OBJECT_CONVERSION = YES_AGGRESSIVE;
				CLANG_CXX_LANGUAGE_STANDARD = "gnu++14";
				CLANG_CXX_LIBRARY = "libc++";
				CLANG_ENABLE_MODULES = YES;
				CLANG_ENABLE_OBJC_ARC = YES;
				CLANG_ENABLE_OBJC_WEAK = YES;
				CLANG_WARN_BLOCK_CAPTURE_AUTORELEASING = YES;
				CLANG_WARN_BOOL_CONVERSION = YES;
				CLANG_WARN_COMMA = YES;
				CLANG_WARN_CONSTANT_CONVERSION = YES;
				CLANG_WARN_DEPRECATED_OBJC_IMPLEMENTATIONS = YES;
				CLANG_WARN_DIRECT_OBJC_ISA_USAGE = YES_ERROR;
				CLANG_WARN_DOCUMENTATION_COMMENTS = YES;
				CLANG_WARN_EMPTY_BODY = YES;
				CLANG_WARN_ENUM_CONVERSION = YES;
				CLANG_WARN_INFINITE_RECURSION = YES;
				CLANG_WARN_INT_CONVERSION = YES;
				CLANG_WARN_NON_LITERAL_NULL_CONVERSION = YES;
				CLANG_WARN_OBJC_IMPLICIT_RETAIN_SELF = YES;
				CLANG_WARN_OBJC_LITERAL_CONVERSION = YES;
				CLANG_WARN_OBJC_ROOT_CLASS = YES_ERROR;
				CLANG_WARN_RANGE_LOOP_ANALYSIS = YES;
				CLANG_WARN_STRICT_PROTOTYPES = YES;
				CLANG_WARN_SUSPICIOUS_MOVE = YES;
				CLANG_WARN_UNGUARDED_AVAILABILITY = YES_AGGRESSIVE;
				CLANG_WARN_UNREACHABLE_CODE = YES;
				CLANG_WARN__DUPLICATE_METHOD_MATCH = YES;
				CODE_SIGN_IDENTITY = "iPhone Developer";
				COPY_PHASE_STRIP = NO;
				DEBUG_INFORMATION_FORMAT = dwarf;
				ENABLE_STRICT_OBJC_MSGSEND = YES;
				ENABLE_TESTABILITY = YES;
				GCC_C_LANGUAGE_STANDARD = gnu11;
				GCC_DYNAMIC_NO_PIC = NO;
				GCC_NO_COMMON_BLOCKS = YES;
				GCC_OPTIMIZATION_LEVEL = 0;
				GCC_PREPROCESSOR_DEFINITIONS = (
					"DEBUG=1",
					"$(inherited)",
				);
				GCC_WARN_64_TO_32_BIT_CONVERSION = YES;
				GCC_WARN_ABOUT_RETURN_TYPE = YES_ERROR;
				GCC_WARN_UNDECLARED_SELECTOR = YES;
				GCC_WARN_UNINITIALIZED_AUTOS = YES_AGGRESSIVE;
				GCC_WARN_UNUSED_FUNCTION = YES;
				GCC_WARN_UNUSED_VARIABLE = YES;
				IPHONEOS_DEPLOYMENT_TARGET = 11.4;
				MTL_ENABLE_DEBUG_INFO = YES;
				ONLY_ACTIVE_ARCH = YES;
				SDKROOT = iphoneos;
				SWIFT_ACTIVE_COMPILATION_CONDITIONS = DEBUG;
				SWIFT_OPTIMIZATION_LEVEL = "-Onone";
			};
			name = Debug;
		};
		899FEADE20C92CD20023074A /* Release */ = {
			isa = XCBuildConfiguration;
			buildSettings = {
				ALWAYS_SEARCH_USER_PATHS = NO;
				CLANG_ANALYZER_NONNULL = YES;
				CLANG_ANALYZER_NUMBER_OBJECT_CONVERSION = YES_AGGRESSIVE;
				CLANG_CXX_LANGUAGE_STANDARD = "gnu++14";
				CLANG_CXX_LIBRARY = "libc++";
				CLANG_ENABLE_MODULES = YES;
				CLANG_ENABLE_OBJC_ARC = YES;
				CLANG_ENABLE_OBJC_WEAK = YES;
				CLANG_WARN_BLOCK_CAPTURE_AUTORELEASING = YES;
				CLANG_WARN_BOOL_CONVERSION = YES;
				CLANG_WARN_COMMA = YES;
				CLANG_WARN_CONSTANT_CONVERSION = YES;
				CLANG_WARN_DEPRECATED_OBJC_IMPLEMENTATIONS = YES;
				CLANG_WARN_DIRECT_OBJC_ISA_USAGE = YES_ERROR;
				CLANG_WARN_DOCUMENTATION_COMMENTS = YES;
				CLANG_WARN_EMPTY_BODY = YES;
				CLANG_WARN_ENUM_CONVERSION = YES;
				CLANG_WARN_INFINITE_RECURSION = YES;
				CLANG_WARN_INT_CONVERSION = YES;
				CLANG_WARN_NON_LITERAL_NULL_CONVERSION = YES;
				CLANG_WARN_OBJC_IMPLICIT_RETAIN_SELF = YES;
				CLANG_WARN_OBJC_LITERAL_CONVERSION = YES;
				CLANG_WARN_OBJC_ROOT_CLASS = YES_ERROR;
				CLANG_WARN_RANGE_LOOP_ANALYSIS = YES;
				CLANG_WARN_STRICT_PROTOTYPES = YES;
				CLANG_WARN_SUSPICIOUS_MOVE = YES;
				CLANG_WARN_UNGUARDED_AVAILABILITY = YES_AGGRESSIVE;
				CLANG_WARN_UNREACHABLE_CODE = YES;
				CLANG_WARN__DUPLICATE_METHOD_MATCH = YES;
				CODE_SIGN_IDENTITY = "iPhone Developer";
				COPY_PHASE_STRIP = NO;
				DEBUG_INFORMATION_FORMAT = "dwarf-with-dsym";
				ENABLE_NS_ASSERTIONS = NO;
				ENABLE_STRICT_OBJC_MSGSEND = YES;
				GCC_C_LANGUAGE_STANDARD = gnu11;
				GCC_NO_COMMON_BLOCKS = YES;
				GCC_WARN_64_TO_32_BIT_CONVERSION = YES;
				GCC_WARN_ABOUT_RETURN_TYPE = YES_ERROR;
				GCC_WARN_UNDECLARED_SELECTOR = YES;
				GCC_WARN_UNINITIALIZED_AUTOS = YES_AGGRESSIVE;
				GCC_WARN_UNUSED_FUNCTION = YES;
				GCC_WARN_UNUSED_VARIABLE = YES;
				IPHONEOS_DEPLOYMENT_TARGET = 11.4;
				MTL_ENABLE_DEBUG_INFO = NO;
				SDKROOT = iphoneos;
				SWIFT_COMPILATION_MODE = wholemodule;
				SWIFT_OPTIMIZATION_LEVEL = "-O";
				VALIDATE_PRODUCT = YES;
			};
			name = Release;
		};
		899FEAE020C92CD20023074A /* Debug */ = {
			isa = XCBuildConfiguration;
			buildSettings = {
				ASSETCATALOG_COMPILER_APPICON_NAME = AppIcon;
				CODE_SIGN_STYLE = Automatic;
				DEVELOPMENT_TEAM = 2428X38UTQ;
				INFOPLIST_FILE = "Curious Katie/Info.plist";
				LD_RUNPATH_SEARCH_PATHS = (
					"$(inherited)",
					"@executable_path/Frameworks",
				);
				PRODUCT_BUNDLE_IDENTIFIER = "com.carlwainwright.Curious-Katie";
				PRODUCT_NAME = "$(TARGET_NAME)";
				SWIFT_VERSION = 4.0;
				TARGETED_DEVICE_FAMILY = "1,2";
			};
			name = Debug;
		};
		899FEAE120C92CD20023074A /* Release */ = {
			isa = XCBuildConfiguration;
			buildSettings = {
				ASSETCATALOG_COMPILER_APPICON_NAME = AppIcon;
				CODE_SIGN_STYLE = Automatic;
				DEVELOPMENT_TEAM = 2428X38UTQ;
				INFOPLIST_FILE = "Curious Katie/Info.plist";
				LD_RUNPATH_SEARCH_PATHS = (
					"$(inherited)",
					"@executable_path/Frameworks",
				);
				PRODUCT_BUNDLE_IDENTIFIER = "com.carlwainwright.Curious-Katie";
				PRODUCT_NAME = "$(TARGET_NAME)";
				SWIFT_VERSION = 4.0;
				TARGETED_DEVICE_FAMILY = "1,2";
			};
			name = Release;
		};
/* End XCBuildConfiguration section */

/* Begin XCConfigurationList section */
		899FEAC820C92CCC0023074A /* Build configuration list for PBXProject "Curious Katie" */ = {
			isa = XCConfigurationList;
			buildConfigurations = (
				899FEADD20C92CD20023074A /* Debug */,
				899FEADE20C92CD20023074A /* Release */,
			);
			defaultConfigurationIsVisible = 0;
			defaultConfigurationName = Release;
		};
		899FEADF20C92CD20023074A /* Build configuration list for PBXNativeTarget "Curious Katie" */ = {
			isa = XCConfigurationList;
			buildConfigurations = (
				899FEAE020C92CD20023074A /* Debug */,
				899FEAE120C92CD20023074A /* Release */,
			);
			defaultConfigurationIsVisible = 0;
			defaultConfigurationName = Release;
		};
/* End XCConfigurationList section */
	};
	rootObject = 899FEAC520C92CCC0023074A /* Project object */;
}
